// !$*UTF8*$!
{
	archiveVersion = 1;
	classes = {
	};
	objectVersion = 50;
	objects = {

/* Begin PBXBuildFile section */
		BCEED56E223B49F100F96A68 /* AppDelegate.swift in Sources */ = {isa = PBXBuildFile; fileRef = BCEED56D223B49F100F96A68 /* AppDelegate.swift */; };
		BCEED570223B49F100F96A68 /* ViewController.swift in Sources */ = {isa = PBXBuildFile; fileRef = BCEED56F223B49F100F96A68 /* ViewController.swift */; };
		BCEED573223B49F100F96A68 /* Main.storyboard in Resources */ = {isa = PBXBuildFile; fileRef = BCEED571223B49F100F96A68 /* Main.storyboard */; };
		BCEED575223B49F400F96A68 /* Assets.xcassets in Resources */ = {isa = PBXBuildFile; fileRef = BCEED574223B49F400F96A68 /* Assets.xcassets */; };
		BCEED578223B49F400F96A68 /* LaunchScreen.storyboard in Resources */ = {isa = PBXBuildFile; fileRef = BCEED576223B49F400F96A68 /* LaunchScreen.storyboard */; };
		BCEED582223B4B9200F96A68 /* ObcViewController.m in Sources */ = {isa = PBXBuildFile; fileRef = BCEED581223B4B9200F96A68 /* ObcViewController.m */; };
		BCEED586223B5DAC00F96A68 /* TableViewController.swift in Sources */ = {isa = PBXBuildFile; fileRef = BCEED585223B5DAC00F96A68 /* TableViewController.swift */; };
/* End PBXBuildFile section */

/* Begin PBXFileReference section */
		BCEED56A223B49F100F96A68 /* swiftToObejctive.app */ = {isa = PBXFileReference; explicitFileType = wrapper.application; includeInIndex = 0; path = swiftToObejctive.app; sourceTree = BUILT_PRODUCTS_DIR; };
		BCEED56D223B49F100F96A68 /* AppDelegate.swift */ = {isa = PBXFileReference; lastKnownFileType = sourcecode.swift; path = AppDelegate.swift; sourceTree = "<group>"; };
		BCEED56F223B49F100F96A68 /* ViewController.swift */ = {isa = PBXFileReference; lastKnownFileType = sourcecode.swift; path = ViewController.swift; sourceTree = "<group>"; };
		BCEED572223B49F100F96A68 /* Base */ = {isa = PBXFileReference; lastKnownFileType = file.storyboard; name = Base; path = Base.lproj/Main.storyboard; sourceTree = "<group>"; };
		BCEED574223B49F400F96A68 /* Assets.xcassets */ = {isa = PBXFileReference; lastKnownFileType = folder.assetcatalog; path = Assets.xcassets; sourceTree = "<group>"; };
		BCEED577223B49F400F96A68 /* Base */ = {isa = PBXFileReference; lastKnownFileType = file.storyboard; name = Base; path = Base.lproj/LaunchScreen.storyboard; sourceTree = "<group>"; };
		BCEED579223B49F400F96A68 /* Info.plist */ = {isa = PBXFileReference; lastKnownFileType = text.plist.xml; path = Info.plist; sourceTree = "<group>"; };
		BCEED57F223B4B9200F96A68 /* swiftToObejctive-Bridging-Header.h */ = {isa = PBXFileReference; lastKnownFileType = sourcecode.c.h; path = "swiftToObejctive-Bridging-Header.h"; sourceTree = "<group>"; };
		BCEED580223B4B9200F96A68 /* ObcViewController.h */ = {isa = PBXFileReference; lastKnownFileType = sourcecode.c.h; path = ObcViewController.h; sourceTree = "<group>"; };
		BCEED581223B4B9200F96A68 /* ObcViewController.m */ = {isa = PBXFileReference; lastKnownFileType = sourcecode.c.objc; path = ObcViewController.m; sourceTree = "<group>"; };
		BCEED585223B5DAC00F96A68 /* TableViewController.swift */ = {isa = PBXFileReference; lastKnownFileType = sourcecode.swift; path = TableViewController.swift; sourceTree = "<group>"; };
/* End PBXFileReference section */

/* Begin PBXFrameworksBuildPhase section */
		BCEED567223B49F100F96A68 /* Frameworks */ = {
			isa = PBXFrameworksBuildPhase;
			buildActionMask = 2147483647;
			files = (
			);
			runOnlyForDeploymentPostprocessing = 0;
		};
/* End PBXFrameworksBuildPhase section */

/* Begin PBXGroup section */
		BCEED561223B49F100F96A68 = {
			isa = PBXGroup;
			children = (
				BCEED56C223B49F100F96A68 /* swiftToObejctive */,
				BCEED56B223B49F100F96A68 /* Products */,
			);
			sourceTree = "<group>";
		};
		BCEED56B223B49F100F96A68 /* Products */ = {
			isa = PBXGroup;
			children = (
				BCEED56A223B49F100F96A68 /* swiftToObejctive.app */,
			);
			name = Products;
			sourceTree = "<group>";
		};
		BCEED56C223B49F100F96A68 /* swiftToObejctive */ = {
			isa = PBXGroup;
			children = (
				BCEED56D223B49F100F96A68 /* AppDelegate.swift */,
				BCEED56F223B49F100F96A68 /* ViewController.swift */,
				BCEED571223B49F100F96A68 /* Main.storyboard */,
				BCEED574223B49F400F96A68 /* Assets.xcassets */,
				BCEED580223B4B9200F96A68 /* ObcViewController.h */,
				BCEED581223B4B9200F96A68 /* ObcViewController.m */,
				BCEED585223B5DAC00F96A68 /* TableViewController.swift */,
				BCEED576223B49F400F96A68 /* LaunchScreen.storyboard */,
				BCEED579223B49F400F96A68 /* Info.plist */,
				BCEED57F223B4B9200F96A68 /* swiftToObejctive-Bridging-Header.h */,
			);
			path = swiftToObejctive;
			sourceTree = "<group>";
		};
/* End PBXGroup section */

/* Begin PBXNativeTarget section */
		BCEED569223B49F100F96A68 /* swiftToObejctive */ = {
			isa = PBXNativeTarget;
			buildConfigurationList = BCEED57C223B49F400F96A68 /* Build configuration list for PBXNativeTarget "swiftToObejctive" */;
			buildPhases = (
				BCEED566223B49F100F96A68 /* Sources */,
				BCEED567223B49F100F96A68 /* Frameworks */,
				BCEED568223B49F100F96A68 /* Resources */,
			);
			buildRules = (
			);
			dependencies = (
			);
			name = swiftToObejctive;
			productName = swiftToObejctive;
			productReference = BCEED56A223B49F100F96A68 /* swiftToObejctive.app */;
			productType = "com.apple.product-type.application";
		};
/* End PBXNativeTarget section */

/* Begin PBXProject section */
		BCEED562223B49F100F96A68 /* Project object */ = {
			isa = PBXProject;
			attributes = {
				LastSwiftUpdateCheck = 1010;
				LastUpgradeCheck = 1010;
				ORGANIZATIONNAME = BB;
				TargetAttributes = {
					BCEED569223B49F100F96A68 = {
						CreatedOnToolsVersion = 10.1;
						LastSwiftMigration = 1010;
					};
				};
			};
			buildConfigurationList = BCEED565223B49F100F96A68 /* Build configuration list for PBXProject "swiftToObejctive" */;
			compatibilityVersion = "Xcode 9.3";
			developmentRegion = en;
			hasScannedForEncodings = 0;
			knownRegions = (
				en,
				Base,
			);
			mainGroup = BCEED561223B49F100F96A68;
			productRefGroup = BCEED56B223B49F100F96A68 /* Products */;
			projectDirPath = "";
			projectRoot = "";
			targets = (
				BCEED569223B49F100F96A68 /* swiftToObejctive */,
			);
		};
/* End PBXProject section */

/* Begin PBXResourcesBuildPhase section */
		BCEED568223B49F100F96A68 /* Resources */ = {
			isa = PBXResourcesBuildPhase;
			buildActionMask = 2147483647;
			files = (
				BCEED578223B49F400F96A68 /* LaunchScreen.storyboard in Resources */,
				BCEED575223B49F400F96A68 /* Assets.xcassets in Resources */,
				BCEED573223B49F100F96A68 /* Main.storyboard in Resources */,
			);
			runOnlyForDeploymentPostprocessing = 0;
		};
/* End PBXResourcesBuildPhase section */

/* Begin PBXSourcesBuildPhase section */
		BCEED566223B49F100F96A68 /* Sources */ = {
			isa = PBXSourcesBuildPhase;
			buildActionMask = 2147483647;
			files = (
				BCEED570223B49F100F96A68 /* ViewController.swift in Sources */,
				BCEED582223B4B9200F96A68 /* ObcViewController.m in Sources */,
				BCEED56E223B49F100F96A68 /* AppDelegate.swift in Sources */,
				BCEED586223B5DAC00F96A68 /* TableViewController.swift in Sources */,
			);
			runOnlyForDeploymentPostprocessing = 0;
		};
/* End PBXSourcesBuildPhase section */

/* Begin PBXVariantGroup section */
		BCEED571223B49F100F96A68 /* Main.storyboard */ = {
			isa = PBXVariantGroup;
			children = (
				BCEED572223B49F100F96A68 /* Base */,
			);
			name = Main.storyboard;
			sourceTree = "<group>";
		};
		BCEED576223B49F400F96A68 /* LaunchScreen.storyboard */ = {
			isa = PBXVariantGroup;
			children = (
				BCEED577223B49F400F96A68 /* Base */,
			);
			name = LaunchScreen.storyboard;
			sourceTree = "<group>";
		};
/* End PBXVariantGroup section */

/* Begin XCBuildConfiguration section */
		BCEED57A223B49F400F96A68 /* Debug */ = {
			isa = XCBuildConfiguration;
			buildSettings = {
				ALWAYS_SEARCH_USER_PATHS = NO;
				CLANG_ANALYZER_NONNULL = YES;
				CLANG_ANALYZER_NUMBER_OBJECT_CONVERSION = YES_AGGRESSIVE;
				CLANG_CXX_LANGUAGE_STANDARD = "gnu++14";
				CLANG_CXX_LIBRARY = "libc++";
				CLANG_ENABLE_MODULES = YES;
				CLANG_ENABLE_OBJC_ARC = YES;
				CLANG_ENABLE_OBJC_WEAK = YES;
				CLANG_WARN_BLOCK_CAPTURE_AUTORELEASING = YES;
				CLANG_WARN_BOOL_CONVERSION = YES;
				CLANG_WARN_COMMA = YES;
				CLANG_WARN_CONSTANT_CONVERSION = YES;
				CLANG_WARN_DEPRECATED_OBJC_IMPLEMENTATIONS = YES;
				CLANG_WARN_DIRECT_OBJC_ISA_USAGE = YES_ERROR;
				CLANG_WARN_DOCUMENTATION_COMMENTS = YES;
				CLANG_WARN_EMPTY_BODY = YES;
				CLANG_WARN_ENUM_CONVERSION = YES;
				CLANG_WARN_INFINITE_RECURSION = YES;
				CLANG_WARN_INT_CONVERSION = YES;
				CLANG_WARN_NON_LITERAL_NULL_CONVERSION = YES;
				CLANG_WARN_OBJC_IMPLICIT_RETAIN_SELF = YES;
				CLANG_WARN_OBJC_LITERAL_CONVERSION = YES;
				CLANG_WARN_OBJC_ROOT_CLASS = YES_ERROR;
				CLANG_WARN_RANGE_LOOP_ANALYSIS = YES;
				CLANG_WARN_STRICT_PROTOTYPES = YES;
				CLANG_WARN_SUSPICIOUS_MOVE = YES;
				CLANG_WARN_UNGUARDED_AVAILABILITY = YES_AGGRESSIVE;
				CLANG_WARN_UNREACHABLE_CODE = YES;
				CLANG_WARN__DUPLICATE_METHOD_MATCH = YES;
				CODE_SIGN_IDENTITY = "iPhone Developer";
				COPY_PHASE_STRIP = NO;
				DEBUG_INFORMATION_FORMAT = dwarf;
				ENABLE_STRICT_OBJC_MSGSEND = YES;
				ENABLE_TESTABILITY = YES;
				GCC_C_LANGUAGE_STANDARD = gnu11;
				GCC_DYNAMIC_NO_PIC = NO;
				GCC_NO_COMMON_BLOCKS = YES;
				GCC_OPTIMIZATION_LEVEL = 0;
				GCC_PREPROCESSOR_DEFINITIONS = (
					"DEBUG=1",
					"$(inherited)",
				);
				GCC_WARN_64_TO_32_BIT_CONVERSION = YES;
				GCC_WARN_ABOUT_RETURN_TYPE = YES_ERROR;
				GCC_WARN_UNDECLARED_SELECTOR = YES;
				GCC_WARN_UNINITIALIZED_AUTOS = YES_AGGRESSIVE;
				GCC_WARN_UNUSED_FUNCTION = YES;
				GCC_WARN_UNUSED_VARIABLE = YES;
				IPHONEOS_DEPLOYMENT_TARGET = 12.1;
				MTL_ENABLE_DEBUG_INFO = INCLUDE_SOURCE;
				MTL_FAST_MATH = YES;
				ONLY_ACTIVE_ARCH = YES;
				SDKROOT = iphoneos;
				SWIFT_ACTIVE_COMPILATION_CONDITIONS = DEBUG;
				SWIFT_OPTIMIZATION_LEVEL = "-Onone";
			};
			name = Debug;
		};
		BCEED57B223B49F400F96A68 /* Release */ = {
			isa = XCBuildConfiguration;
			buildSettings = {
				ALWAYS_SEARCH_USER_PATHS = NO;
				CLANG_ANALYZER_NONNULL = YES;
				CLANG_ANALYZER_NUMBER_OBJECT_CONVERSION = YES_AGGRESSIVE;
				CLANG_CXX_LANGUAGE_STANDARD = "gnu++14";
				CLANG_CXX_LIBRARY = "libc++";
				CLANG_ENABLE_MODULES = YES;
				CLANG_ENABLE_OBJC_ARC = YES;
				CLANG_ENABLE_OBJC_WEAK = YES;
				CLANG_WARN_BLOCK_CAPTURE_AUTORELEASING = YES;
				CLANG_WARN_BOOL_CONVERSION = YES;
				CLANG_WARN_COMMA = YES;
				CLANG_WARN_CONSTANT_CONVERSION = YES;
				CLANG_WARN_DEPRECATED_OBJC_IMPLEMENTATIONS = YES;
				CLANG_WARN_DIRECT_OBJC_ISA_USAGE = YES_ERROR;
				CLANG_WARN_DOCUMENTATION_COMMENTS = YES;
				CLANG_WARN_EMPTY_BODY = YES;
				CLANG_WARN_ENUM_CONVERSION = YES;
				CLANG_WARN_INFINITE_RECURSION = YES;
				CLANG_WARN_INT_CONVERSION = YES;
				CLANG_WARN_NON_LITERAL_NULL_CONVERSION = YES;
				CLANG_WARN_OBJC_IMPLICIT_RETAIN_SELF = YES;
				CLANG_WARN_OBJC_LITERAL_CONVERSION = YES;
				CLANG_WARN_OBJC_ROOT_CLASS = YES_ERROR;
				CLANG_WARN_RANGE_LOOP_ANALYSIS = YES;
				CLANG_WARN_STRICT_PROTOTYPES = YES;
				CLANG_WARN_SUSPICIOUS_MOVE = YES;
				CLANG_WARN_UNGUARDED_AVAILABILITY = YES_AGGRESSIVE;
				CLANG_WARN_UNREACHABLE_CODE = YES;
				CLANG_WARN__DUPLICATE_METHOD_MATCH = YES;
				CODE_SIGN_IDENTITY = "iPhone Developer";
				COPY_PHASE_STRIP = NO;
				DEBUG_INFORMATION_FORMAT = "dwarf-with-dsym";
				ENABLE_NS_ASSERTIONS = NO;
				ENABLE_STRICT_OBJC_MSGSEND = YES;
				GCC_C_LANGUAGE_STANDARD = gnu11;
				GCC_NO_COMMON_BLOCKS = YES;
				GCC_WARN_64_TO_32_BIT_CONVERSION = YES;
				GCC_WARN_ABOUT_RETURN_TYPE = YES_ERROR;
				GCC_WARN_UNDECLARED_SELECTOR = YES;
				GCC_WARN_UNINITIALIZED_AUTOS = YES_AGGRESSIVE;
				GCC_WARN_UNUSED_FUNCTION = YES;
				GCC_WARN_UNUSED_VARIABLE = YES;
				IPHONEOS_DEPLOYMENT_TARGET = 12.1;
				MTL_ENABLE_DEBUG_INFO = NO;
				MTL_FAST_MATH = YES;
				SDKROOT = iphoneos;
				SWIFT_COMPILATION_MODE = wholemodule;
				SWIFT_OPTIMIZATION_LEVEL = "-O";
				VALIDATE_PRODUCT = YES;
			};
			name = Release;
		};
		BCEED57D223B49F400F96A68 /* Debug */ = {
			isa = XCBuildConfiguration;
			buildSettings = {
				ASSETCATALOG_COMPILER_APPICON_NAME = AppIcon;
				CLANG_ENABLE_MODULES = YES;
				CODE_SIGN_STYLE = Automatic;
				DEVELOPMENT_TEAM = 5LR437PF83;
				INFOPLIST_FILE = swiftToObejctive/Info.plist;
				LD_RUNPATH_SEARCH_PATHS = (
					"$(inherited)",
					"@executable_path/Frameworks",
				);
				PRODUCT_BUNDLE_IDENTIFIER = com.bb.swiftToObejctive;
				PRODUCT_NAME = "$(TARGET_NAME)";
				SWIFT_OBJC_BRIDGING_HEADER = "swiftToObejctive/swiftToObejctive-Bridging-Header.h";
				SWIFT_OPTIMIZATION_LEVEL = "-Onone";
				SWIFT_VERSION = 4.2;
				TARGETED_DEVICE_FAMILY = "1,2";
			};
			name = Debug;
		};
		BCEED57E223B49F400F96A68 /* Release */ = {
			isa = XCBuildConfiguration;
			buildSettings = {
				ASSETCATALOG_COMPILER_APPICON_NAME = AppIcon;
				CLANG_ENABLE_MODULES = YES;
				CODE_SIGN_STYLE = Automatic;
				DEVELOPMENT_TEAM = 5LR437PF83;
				INFOPLIST_FILE = swiftToObejctive/Info.plist;
				LD_RUNPATH_SEARCH_PATHS = (
					"$(inherited)",
					"@executable_path/Frameworks",
				);
				PRODUCT_BUNDLE_IDENTIFIER = com.bb.swiftToObejctive;
				PRODUCT_NAME = "$(TARGET_NAME)";
				SWIFT_OBJC_BRIDGING_HEADER = "swiftToObejctive/swiftToObejctive-Bridging-Header.h";
				SWIFT_VERSION = 4.2;
				TARGETED_DEVICE_FAMILY = "1,2";
			};
			name = Release;
		};
/* End XCBuildConfiguration section */

/* Begin XCConfigurationList section */
		BCEED565223B49F100F96A68 /* Build configuration list for PBXProject "swiftToObejctive" */ = {
			isa = XCConfigurationList;
			buildConfigurations = (
				BCEED57A223B49F400F96A68 /* Debug */,
				BCEED57B223B49F400F96A68 /* Release */,
			);
			defaultConfigurationIsVisible = 0;
			defaultConfigurationName = Release;
		};
		BCEED57C223B49F400F96A68 /* Build configuration list for PBXNativeTarget "swiftToObejctive" */ = {
			isa = XCConfigurationList;
			buildConfigurations = (
				BCEED57D223B49F400F96A68 /* Debug */,
				BCEED57E223B49F400F96A68 /* Release */,
			);
			defaultConfigurationIsVisible = 0;
			defaultConfigurationName = Release;
		};
/* End XCConfigurationList section */
	};
	rootObject = BCEED562223B49F100F96A68 /* Project object */;
}
